// !$*UTF8*$!
{
	archiveVersion = 1;
	classes = {
	};
	objectVersion = 52;
	objects = {

/* Begin PBXBuildFile section */
		2B3F4BB424426A3100653959 /* AppDelegate.swift in Sources */ = {isa = PBXBuildFile; fileRef = 2B3F4BB324426A3100653959 /* AppDelegate.swift */; };
		2B3F4BB624426A3100653959 /* SceneDelegate.swift in Sources */ = {isa = PBXBuildFile; fileRef = 2B3F4BB524426A3100653959 /* SceneDelegate.swift */; };
		2B3F4BB824426A3100653959 /* CollapsedListView.swift in Sources */ = {isa = PBXBuildFile; fileRef = 2B3F4BB724426A3100653959 /* CollapsedListView.swift */; };
		2B3F4BBA24426A3400653959 /* Assets.xcassets in Resources */ = {isa = PBXBuildFile; fileRef = 2B3F4BB924426A3400653959 /* Assets.xcassets */; };
		2B3F4BBD24426A3400653959 /* Preview Assets.xcassets in Resources */ = {isa = PBXBuildFile; fileRef = 2B3F4BBC24426A3400653959 /* Preview Assets.xcassets */; };
		2B3F4BC024426A3400653959 /* LaunchScreen.storyboard in Resources */ = {isa = PBXBuildFile; fileRef = 2B3F4BBE24426A3400653959 /* LaunchScreen.storyboard */; };
		2B3F4BCA24426AD700653959 /* Model.swift in Sources */ = {isa = PBXBuildFile; fileRef = 2B3F4BC724426AD700653959 /* Model.swift */; };
		2B3F4BCB24426AD700653959 /* collapse.json in Resources */ = {isa = PBXBuildFile; fileRef = 2B3F4BC824426AD700653959 /* collapse.json */; };
		2B3F4BCC24426AD700653959 /* UserStore.swift in Sources */ = {isa = PBXBuildFile; fileRef = 2B3F4BC924426AD700653959 /* UserStore.swift */; };
		2B3F4BCE24426AF000653959 /* CollapsedRowView.swift in Sources */ = {isa = PBXBuildFile; fileRef = 2B3F4BCD24426AF000653959 /* CollapsedRowView.swift */; };
		2B3F4BD124426D0C00653959 /* SDWebImageSwiftUI in Frameworks */ = {isa = PBXBuildFile; productRef = 2B3F4BD024426D0C00653959 /* SDWebImageSwiftUI */; };
/* End PBXBuildFile section */

/* Begin PBXFileReference section */
		2B3F4BB024426A3100653959 /* Collapse.app */ = {isa = PBXFileReference; explicitFileType = wrapper.application; includeInIndex = 0; path = Collapse.app; sourceTree = BUILT_PRODUCTS_DIR; };
		2B3F4BB324426A3100653959 /* AppDelegate.swift */ = {isa = PBXFileReference; lastKnownFileType = sourcecode.swift; path = AppDelegate.swift; sourceTree = "<group>"; };
		2B3F4BB524426A3100653959 /* SceneDelegate.swift */ = {isa = PBXFileReference; lastKnownFileType = sourcecode.swift; path = SceneDelegate.swift; sourceTree = "<group>"; };
		2B3F4BB724426A3100653959 /* CollapsedListView.swift */ = {isa = PBXFileReference; lastKnownFileType = sourcecode.swift; path = CollapsedListView.swift; sourceTree = "<group>"; };
		2B3F4BB924426A3400653959 /* Assets.xcassets */ = {isa = PBXFileReference; lastKnownFileType = folder.assetcatalog; path = Assets.xcassets; sourceTree = "<group>"; };
		2B3F4BBC24426A3400653959 /* Preview Assets.xcassets */ = {isa = PBXFileReference; lastKnownFileType = folder.assetcatalog; path = "Preview Assets.xcassets"; sourceTree = "<group>"; };
		2B3F4BBF24426A3400653959 /* Base */ = {isa = PBXFileReference; lastKnownFileType = file.storyboard; name = Base; path = Base.lproj/LaunchScreen.storyboard; sourceTree = "<group>"; };
		2B3F4BC124426A3400653959 /* Info.plist */ = {isa = PBXFileReference; lastKnownFileType = text.plist.xml; path = Info.plist; sourceTree = "<group>"; };
		2B3F4BC724426AD700653959 /* Model.swift */ = {isa = PBXFileReference; fileEncoding = 4; lastKnownFileType = sourcecode.swift; path = Model.swift; sourceTree = "<group>"; };
		2B3F4BC824426AD700653959 /* collapse.json */ = {isa = PBXFileReference; fileEncoding = 4; lastKnownFileType = text.json; path = collapse.json; sourceTree = "<group>"; };
		2B3F4BC924426AD700653959 /* UserStore.swift */ = {isa = PBXFileReference; fileEncoding = 4; lastKnownFileType = sourcecode.swift; path = UserStore.swift; sourceTree = "<group>"; };
		2B3F4BCD24426AF000653959 /* CollapsedRowView.swift */ = {isa = PBXFileReference; lastKnownFileType = sourcecode.swift; path = CollapsedRowView.swift; sourceTree = "<group>"; };
/* End PBXFileReference section */

/* Begin PBXFrameworksBuildPhase section */
		2B3F4BAD24426A3100653959 /* Frameworks */ = {
			isa = PBXFrameworksBuildPhase;
			buildActionMask = 2147483647;
			files = (
				2B3F4BD124426D0C00653959 /* SDWebImageSwiftUI in Frameworks */,
			);
			runOnlyForDeploymentPostprocessing = 0;
		};
/* End PBXFrameworksBuildPhase section */

/* Begin PBXGroup section */
		2B3F4BA724426A3100653959 = {
			isa = PBXGroup;
			children = (
				2B3F4BB224426A3100653959 /* Collapse */,
				2B3F4BB124426A3100653959 /* Products */,
			);
			sourceTree = "<group>";
		};
		2B3F4BB124426A3100653959 /* Products */ = {
			isa = PBXGroup;
			children = (
				2B3F4BB024426A3100653959 /* Collapse.app */,
			);
			name = Products;
			sourceTree = "<group>";
		};
		2B3F4BB224426A3100653959 /* Collapse */ = {
			isa = PBXGroup;
			children = (
				2B3F4BB324426A3100653959 /* AppDelegate.swift */,
				2B3F4BB524426A3100653959 /* SceneDelegate.swift */,
				2B3F4BB724426A3100653959 /* CollapsedListView.swift */,
				2B3F4BCD24426AF000653959 /* CollapsedRowView.swift */,
				2B3F4BC824426AD700653959 /* collapse.json */,
				2B3F4BC724426AD700653959 /* Model.swift */,
				2B3F4BC924426AD700653959 /* UserStore.swift */,
				2B3F4BB924426A3400653959 /* Assets.xcassets */,
				2B3F4BBE24426A3400653959 /* LaunchScreen.storyboard */,
				2B3F4BC124426A3400653959 /* Info.plist */,
				2B3F4BBB24426A3400653959 /* Preview Content */,
			);
			path = Collapse;
			sourceTree = "<group>";
		};
		2B3F4BBB24426A3400653959 /* Preview Content */ = {
			isa = PBXGroup;
			children = (
				2B3F4BBC24426A3400653959 /* Preview Assets.xcassets */,
			);
			path = "Preview Content";
			sourceTree = "<group>";
		};
/* End PBXGroup section */

/* Begin PBXNativeTarget section */
		2B3F4BAF24426A3100653959 /* Collapse */ = {
			isa = PBXNativeTarget;
			buildConfigurationList = 2B3F4BC424426A3400653959 /* Build configuration list for PBXNativeTarget "Collapse" */;
			buildPhases = (
				2B3F4BAC24426A3100653959 /* Sources */,
				2B3F4BAD24426A3100653959 /* Frameworks */,
				2B3F4BAE24426A3100653959 /* Resources */,
			);
			buildRules = (
			);
			dependencies = (
			);
			name = Collapse;
			packageProductDependencies = (
				2B3F4BD024426D0C00653959 /* SDWebImageSwiftUI */,
			);
			productName = Collapse;
			productReference = 2B3F4BB024426A3100653959 /* Collapse.app */;
			productType = "com.apple.product-type.application";
		};
/* End PBXNativeTarget section */

/* Begin PBXProject section */
		2B3F4BA824426A3100653959 /* Project object */ = {
			isa = PBXProject;
			attributes = {
				LastSwiftUpdateCheck = 1130;
				LastUpgradeCheck = 1130;
				ORGANIZATIONNAME = "Beslan Tularov";
				TargetAttributes = {
					2B3F4BAF24426A3100653959 = {
						CreatedOnToolsVersion = 11.3.1;
					};
				};
			};
			buildConfigurationList = 2B3F4BAB24426A3100653959 /* Build configuration list for PBXProject "Collapse" */;
			compatibilityVersion = "Xcode 9.3";
			developmentRegion = en;
			hasScannedForEncodings = 0;
			knownRegions = (
				en,
				Base,
			);
			mainGroup = 2B3F4BA724426A3100653959;
			packageReferences = (
				2B3F4BCF24426D0C00653959 /* XCRemoteSwiftPackageReference "SDWebImageSwiftUI" */,
			);
			productRefGroup = 2B3F4BB124426A3100653959 /* Products */;
			projectDirPath = "";
			projectRoot = "";
			targets = (
				2B3F4BAF24426A3100653959 /* Collapse */,
			);
		};
/* End PBXProject section */

/* Begin PBXResourcesBuildPhase section */
		2B3F4BAE24426A3100653959 /* Resources */ = {
			isa = PBXResourcesBuildPhase;
			buildActionMask = 2147483647;
			files = (
				2B3F4BCB24426AD700653959 /* collapse.json in Resources */,
				2B3F4BC024426A3400653959 /* LaunchScreen.storyboard in Resources */,
				2B3F4BBD24426A3400653959 /* Preview Assets.xcassets in Resources */,
				2B3F4BBA24426A3400653959 /* Assets.xcassets in Resources */,
			);
			runOnlyForDeploymentPostprocessing = 0;
		};
/* End PBXResourcesBuildPhase section */

/* Begin PBXSourcesBuildPhase section */
		2B3F4BAC24426A3100653959 /* Sources */ = {
			isa = PBXSourcesBuildPhase;
			buildActionMask = 2147483647;
			files = (
				2B3F4BB424426A3100653959 /* AppDelegate.swift in Sources */,
				2B3F4BCC24426AD700653959 /* UserStore.swift in Sources */,
				2B3F4BB624426A3100653959 /* SceneDelegate.swift in Sources */,
				2B3F4BCE24426AF000653959 /* CollapsedRowView.swift in Sources */,
				2B3F4BB824426A3100653959 /* CollapsedListView.swift in Sources */,
				2B3F4BCA24426AD700653959 /* Model.swift in Sources */,
			);
			runOnlyForDeploymentPostprocessing = 0;
		};
/* End PBXSourcesBuildPhase section */

/* Begin PBXVariantGroup section */
		2B3F4BBE24426A3400653959 /* LaunchScreen.storyboard */ = {
			isa = PBXVariantGroup;
			children = (
				2B3F4BBF24426A3400653959 /* Base */,
			);
			name = LaunchScreen.storyboard;
			sourceTree = "<group>";
		};
/* End PBXVariantGroup section */

/* Begin XCBuildConfiguration section */
		2B3F4BC224426A3400653959 /* Debug */ = {
			isa = XCBuildConfiguration;
			buildSettings = {
				ALWAYS_SEARCH_USER_PATHS = NO;
				CLANG_ANALYZER_NONNULL = YES;
				CLANG_ANALYZER_NUMBER_OBJECT_CONVERSION = YES_AGGRESSIVE;
				CLANG_CXX_LANGUAGE_STANDARD = "gnu++14";
				CLANG_CXX_LIBRARY = "libc++";
				CLANG_ENABLE_MODULES = YES;
				CLANG_ENABLE_OBJC_ARC = YES;
				CLANG_ENABLE_OBJC_WEAK = YES;
				CLANG_WARN_BLOCK_CAPTURE_AUTORELEASING = YES;
				CLANG_WARN_BOOL_CONVERSION = YES;
				CLANG_WARN_COMMA = YES;
				CLANG_WARN_CONSTANT_CONVERSION = YES;
				CLANG_WARN_DEPRECATED_OBJC_IMPLEMENTATIONS = YES;
				CLANG_WARN_DIRECT_OBJC_ISA_USAGE = YES_ERROR;
				CLANG_WARN_DOCUMENTATION_COMMENTS = YES;
				CLANG_WARN_EMPTY_BODY = YES;
				CLANG_WARN_ENUM_CONVERSION = YES;
				CLANG_WARN_INFINITE_RECURSION = YES;
				CLANG_WARN_INT_CONVERSION = YES;
				CLANG_WARN_NON_LITERAL_NULL_CONVERSION = YES;
				CLANG_WARN_OBJC_IMPLICIT_RETAIN_SELF = YES;
				CLANG_WARN_OBJC_LITERAL_CONVERSION = YES;
				CLANG_WARN_OBJC_ROOT_CLASS = YES_ERROR;
				CLANG_WARN_RANGE_LOOP_ANALYSIS = YES;
				CLANG_WARN_STRICT_PROTOTYPES = YES;
				CLANG_WARN_SUSPICIOUS_MOVE = YES;
				CLANG_WARN_UNGUARDED_AVAILABILITY = YES_AGGRESSIVE;
				CLANG_WARN_UNREACHABLE_CODE = YES;
				CLANG_WARN__DUPLICATE_METHOD_MATCH = YES;
				COPY_PHASE_STRIP = NO;
				DEBUG_INFORMATION_FORMAT = dwarf;
				ENABLE_STRICT_OBJC_MSGSEND = YES;
				ENABLE_TESTABILITY = YES;
				GCC_C_LANGUAGE_STANDARD = gnu11;
				GCC_DYNAMIC_NO_PIC = NO;
				GCC_NO_COMMON_BLOCKS = YES;
				GCC_OPTIMIZATION_LEVEL = 0;
				GCC_PREPROCESSOR_DEFINITIONS = (
					"DEBUG=1",
					"$(inherited)",
				);
				GCC_WARN_64_TO_32_BIT_CONVERSION = YES;
				GCC_WARN_ABOUT_RETURN_TYPE = YES_ERROR;
				GCC_WARN_UNDECLARED_SELECTOR = YES;
				GCC_WARN_UNINITIALIZED_AUTOS = YES_AGGRESSIVE;
				GCC_WARN_UNUSED_FUNCTION = YES;
				GCC_WARN_UNUSED_VARIABLE = YES;
				IPHONEOS_DEPLOYMENT_TARGET = 13.2;
				MTL_ENABLE_DEBUG_INFO = INCLUDE_SOURCE;
				MTL_FAST_MATH = YES;
				ONLY_ACTIVE_ARCH = YES;
				SDKROOT = iphoneos;
				SWIFT_ACTIVE_COMPILATION_CONDITIONS = DEBUG;
				SWIFT_OPTIMIZATION_LEVEL = "-Onone";
			};
			name = Debug;
		};
		2B3F4BC324426A3400653959 /* Release */ = {
			isa = XCBuildConfiguration;
			buildSettings = {
				ALWAYS_SEARCH_USER_PATHS = NO;
				CLANG_ANALYZER_NONNULL = YES;
				CLANG_ANALYZER_NUMBER_OBJECT_CONVERSION = YES_AGGRESSIVE;
				CLANG_CXX_LANGUAGE_STANDARD = "gnu++14";
				CLANG_CXX_LIBRARY = "libc++";
				CLANG_ENABLE_MODULES = YES;
				CLANG_ENABLE_OBJC_ARC = YES;
				CLANG_ENABLE_OBJC_WEAK = YES;
				CLANG_WARN_BLOCK_CAPTURE_AUTORELEASING = YES;
				CLANG_WARN_BOOL_CONVERSION = YES;
				CLANG_WARN_COMMA = YES;
				CLANG_WARN_CONSTANT_CONVERSION = YES;
				CLANG_WARN_DEPRECATED_OBJC_IMPLEMENTATIONS = YES;
				CLANG_WARN_DIRECT_OBJC_ISA_USAGE = YES_ERROR;
				CLANG_WARN_DOCUMENTATION_COMMENTS = YES;
				CLANG_WARN_EMPTY_BODY = YES;
				CLANG_WARN_ENUM_CONVERSION = YES;
				CLANG_WARN_INFINITE_RECURSION = YES;
				CLANG_WARN_INT_CONVERSION = YES;
				CLANG_WARN_NON_LITERAL_NULL_CONVERSION = YES;
				CLANG_WARN_OBJC_IMPLICIT_RETAIN_SELF = YES;
				CLANG_WARN_OBJC_LITERAL_CONVERSION = YES;
				CLANG_WARN_OBJC_ROOT_CLASS = YES_ERROR;
				CLANG_WARN_RANGE_LOOP_ANALYSIS = YES;
				CLANG_WARN_STRICT_PROTOTYPES = YES;
				CLANG_WARN_SUSPICIOUS_MOVE = YES;
				CLANG_WARN_UNGUARDED_AVAILABILITY = YES_AGGRESSIVE;
				CLANG_WARN_UNREACHABLE_CODE = YES;
				CLANG_WARN__DUPLICATE_METHOD_MATCH = YES;
				COPY_PHASE_STRIP = NO;
				DEBUG_INFORMATION_FORMAT = "dwarf-with-dsym";
				ENABLE_NS_ASSERTIONS = NO;
				ENABLE_STRICT_OBJC_MSGSEND = YES;
				GCC_C_LANGUAGE_STANDARD = gnu11;
				GCC_NO_COMMON_BLOCKS = YES;
				GCC_WARN_64_TO_32_BIT_CONVERSION = YES;
				GCC_WARN_ABOUT_RETURN_TYPE = YES_ERROR;
				GCC_WARN_UNDECLARED_SELECTOR = YES;
				GCC_WARN_UNINITIALIZED_AUTOS = YES_AGGRESSIVE;
				GCC_WARN_UNUSED_FUNCTION = YES;
				GCC_WARN_UNUSED_VARIABLE = YES;
				IPHONEOS_DEPLOYMENT_TARGET = 13.2;
				MTL_ENABLE_DEBUG_INFO = NO;
				MTL_FAST_MATH = YES;
				SDKROOT = iphoneos;
				SWIFT_COMPILATION_MODE = wholemodule;
				SWIFT_OPTIMIZATION_LEVEL = "-O";
				VALIDATE_PRODUCT = YES;
			};
			name = Release;
		};
		2B3F4BC524426A3400653959 /* Debug */ = {
			isa = XCBuildConfiguration;
			buildSettings = {
				ASSETCATALOG_COMPILER_APPICON_NAME = AppIcon;
				CODE_SIGN_STYLE = Automatic;
				DEVELOPMENT_ASSET_PATHS = "\"Collapse/Preview Content\"";
				DEVELOPMENT_TEAM = MTVD7A69KL;
				ENABLE_PREVIEWS = YES;
				INFOPLIST_FILE = Collapse/Info.plist;
				LD_RUNPATH_SEARCH_PATHS = (
					"$(inherited)",
					"@executable_path/Frameworks",
				);
				PRODUCT_BUNDLE_IDENTIFIER = SmartMarty.Collapse;
				PRODUCT_NAME = "$(TARGET_NAME)";
				SWIFT_VERSION = 5.0;
				TARGETED_DEVICE_FAMILY = "1,2";
			};
			name = Debug;
		};
		2B3F4BC624426A3400653959 /* Release */ = {
			isa = XCBuildConfiguration;
			buildSettings = {
				ASSETCATALOG_COMPILER_APPICON_NAME = AppIcon;
				CODE_SIGN_STYLE = Automatic;
				DEVELOPMENT_ASSET_PATHS = "\"Collapse/Preview Content\"";
				DEVELOPMENT_TEAM = MTVD7A69KL;
				ENABLE_PREVIEWS = YES;
				INFOPLIST_FILE = Collapse/Info.plist;
				LD_RUNPATH_SEARCH_PATHS = (
					"$(inherited)",
					"@executable_path/Frameworks",
				);
				PRODUCT_BUNDLE_IDENTIFIER = SmartMarty.Collapse;
				PRODUCT_NAME = "$(TARGET_NAME)";
				SWIFT_VERSION = 5.0;
				TARGETED_DEVICE_FAMILY = "1,2";
			};
			name = Release;
		};
/* End XCBuildConfiguration section */

/* Begin XCConfigurationList section */
		2B3F4BAB24426A3100653959 /* Build configuration list for PBXProject "Collapse" */ = {
			isa = XCConfigurationList;
			buildConfigurations = (
				2B3F4BC224426A3400653959 /* Debug */,
				2B3F4BC324426A3400653959 /* Release */,
			);
			defaultConfigurationIsVisible = 0;
			defaultConfigurationName = Release;
		};
		2B3F4BC424426A3400653959 /* Build configuration list for PBXNativeTarget "Collapse" */ = {
			isa = XCConfigurationList;
			buildConfigurations = (
				2B3F4BC524426A3400653959 /* Debug */,
				2B3F4BC624426A3400653959 /* Release */,
			);
			defaultConfigurationIsVisible = 0;
			defaultConfigurationName = Release;
		};
/* End XCConfigurationList section */

/* Begin XCRemoteSwiftPackageReference section */
		2B3F4BCF24426D0C00653959 /* XCRemoteSwiftPackageReference "SDWebImageSwiftUI" */ = {
			isa = XCRemoteSwiftPackageReference;
			repositoryURL = "git@github.com:SDWebImage/SDWebImageSwiftUI.git";
			requirement = {
				kind = upToNextMajorVersion;
				minimumVersion = 1.3.1;
			};
		};
/* End XCRemoteSwiftPackageReference section */

/* Begin XCSwiftPackageProductDependency section */
		2B3F4BD024426D0C00653959 /* SDWebImageSwiftUI */ = {
			isa = XCSwiftPackageProductDependency;
			package = 2B3F4BCF24426D0C00653959 /* XCRemoteSwiftPackageReference "SDWebImageSwiftUI" */;
			productName = SDWebImageSwiftUI;
		};
/* End XCSwiftPackageProductDependency section */
	};
	rootObject = 2B3F4BA824426A3100653959 /* Project object */;
}
